
Microsoft Visual Studio Solution File, Format Version 12.00
# Visual Studio 15
VisualStudioVersion = 15.0.27428.2037
MinimumVisualStudioVersion = 10.0.40219.1
Project("{FAE04EC0-301F-11D3-BF4B-00C04F79EFBC}") = "IPEIT.TemplateResolver", "IPEIT.TemplateResolver\IPEIT.TemplateResolver.csproj", "{D4FB54FB-097A-4472-9B4C-4FABBDA50A16}"
EndProject
Project("{FAE04EC0-301F-11D3-BF4B-00C04F79EFBC}") = "UnitTestProject", "UnitTestProject\UnitTestProject.csproj", "{01F666F0-15CA-4D1D-A379-EA356725556C}"
EndProject
Global
	GlobalSection(SolutionConfigurationPlatforms) = preSolution
		Debug|Any CPU = Debug|Any CPU
		Release|Any CPU = Release|Any CPU
	EndGlobalSection
	GlobalSection(ProjectConfigurationPlatforms) = postSolution
		{D4FB54FB-097A-4472-9B4C-4FABBDA50A16}.Debug|Any CPU.ActiveCfg = Debug|Any CPU
		{D4FB54FB-097A-4472-9B4C-4FABBDA50A16}.Debug|Any CPU.Build.0 = Debug|Any CPU
		{D4FB54FB-097A-4472-9B4C-4FABBDA50A16}.Release|Any CPU.ActiveCfg = Release|Any CPU
		{D4FB54FB-097A-4472-9B4C-4FABBDA50A16}.Release|Any CPU.Build.0 = Release|Any CPU
		{01F666F0-15CA-4D1D-A379-EA356725556C}.Debug|Any CPU.ActiveCfg = Debug|Any CPU
		{01F666F0-15CA-4D1D-A379-EA356725556C}.Debug|Any CPU.Build.0 = Debug|Any CPU
		{01F666F0-15CA-4D1D-A379-EA356725556C}.Release|Any CPU.ActiveCfg = Release|Any CPU
		{01F666F0-15CA-4D1D-A379-EA356725556C}.Release|Any CPU.Build.0 = Release|Any CPU
	EndGlobalSection
	GlobalSection(SolutionProperties) = preSolution
		HideSolutionNode = FALSE
	EndGlobalSection
	GlobalSection(ExtensibilityGlobals) = postSolution
		SolutionGuid = {D8188F17-2C12-4517-BCBF-D8DE6E7F4D35}
	EndGlobalSection
EndGlobal
